
Microsoft Visual Studio Solution File, Format Version 12.00
# Visual Studio Version 16
VisualStudioVersion = 16.0.30907.101
MinimumVisualStudioVersion = 10.0.40219.1
Project("{FAE04EC0-301F-11D3-BF4B-00C04F79EFBC}") = "Bebela.Modas", "Bebela.Modas.csproj", "{EB085C77-B7C0-4967-B763-68A4E22A427B}"
EndProject
Global
	GlobalSection(SolutionConfigurationPlatforms) = preSolution
		Debug|Any CPU = Debug|Any CPU
		Release|Any CPU = Release|Any CPU
	EndGlobalSection
	GlobalSection(ProjectConfigurationPlatforms) = postSolution
		{EB085C77-B7C0-4967-B763-68A4E22A427B}.Debug|Any CPU.ActiveCfg = Debug|Any CPU
		{EB085C77-B7C0-4967-B763-68A4E22A427B}.Debug|Any CPU.Build.0 = Debug|Any CPU
		{EB085C77-B7C0-4967-B763-68A4E22A427B}.Release|Any CPU.ActiveCfg = Release|Any CPU
		{EB085C77-B7C0-4967-B763-68A4E22A427B}.Release|Any CPU.Build.0 = Release|Any CPU
	EndGlobalSection
	GlobalSection(SolutionProperties) = preSolution
		HideSolutionNode = FALSE
	EndGlobalSection
	GlobalSection(ExtensibilityGlobals) = postSolution
		SolutionGuid = {C8E31372-AA28-499B-85BE-DD85FCA1B00D}
	EndGlobalSection
EndGlobal
